PODS:
  - Flutter (1.0.0)
  - flutter_sharing_intent (1.0.1):
    - Flutter

DEPENDENCIES:
  - Flutter (from `Flutter`)
  - flutter_sharing_intent (from `.symlinks/plugins/flutter_sharing_intent/ios`)

EXTERNAL SOURCES:
  Flutter:
    :path: Flutter
  flutter_sharing_intent:
    :path: ".symlinks/plugins/flutter_sharing_intent/ios"

SPEC CHECKSUMS:
  Flutter: 71a624a5bc0c04062bf19101d501e466baf2fb47
  flutter_sharing_intent: 331b581a968c40e4ac408f3aab9a0764d1548e2a

PODFILE CHECKSUM: b36482f4e5dc932d61f20424cda2234b39b77b90

COCOAPODS: 1.17.0
